
Microsoft Visual Studio Solution File, Format Version 12.00
# Visual Studio 2012
Project("{E24C65DC-7377-472B-9ABA-BC803B73C61A}") = "注册", ".", "{CB88DAB2-6506-462D-8D1A-741886BA995E}"
	ProjectSection(WebsiteProperties) = preProject
		TargetFrameworkMoniker = ".NETFramework,Version%3Dv4.0"
		Debug.AspNetCompiler.VirtualPath = "/注册"
		Debug.AspNetCompiler.PhysicalPath = "..\..\..\Desktop\注册\"
		Debug.AspNetCompiler.TargetPath = "PrecompiledWeb\注册\"
		Debug.AspNetCompiler.Updateable = "true"
		Debug.AspNetCompiler.ForceOverwrite = "true"
		Debug.AspNetCompiler.FixedNames = "false"
		Debug.AspNetCompiler.Debug = "True"
		Release.AspNetCompiler.VirtualPath = "/注册"
		Release.AspNetCompiler.PhysicalPath = "..\..\..\Desktop\注册\"
		Release.AspNetCompiler.TargetPath = "PrecompiledWeb\注册\"
		Release.AspNetCompiler.Updateable = "true"
		Release.AspNetCompiler.ForceOverwrite = "true"
		Release.AspNetCompiler.FixedNames = "false"
		Release.AspNetCompiler.Debug = "False"
		VWDPort = "1134"
	EndProjectSection
EndProject
Global
	GlobalSection(SolutionConfigurationPlatforms) = preSolution
		Debug|Any CPU = Debug|Any CPU
	EndGlobalSection
	GlobalSection(ProjectConfigurationPlatforms) = postSolution
		{CB88DAB2-6506-462D-8D1A-741886BA995E}.Debug|Any CPU.ActiveCfg = Debug|Any CPU
		{CB88DAB2-6506-462D-8D1A-741886BA995E}.Debug|Any CPU.Build.0 = Debug|Any CPU
	EndGlobalSection
	GlobalSection(SolutionProperties) = preSolution
		HideSolutionNode = FALSE
	EndGlobalSection
EndGlobal
